{
  "name": "VTuber_List",
  "lockfileVersion": 2,
  "requires": true,
  "packages": {
    "": {
      "dependencies": {
        "@hotwired/stimulus": "^3.2.2",
        "@stimulus-components/dropdown": "^3.0.0",
        "rails-ujs": "^5.2.8-1",
        "sortablejs": "^1.15.6",
        "stimulus-use": "^0.52.3"
      }
    },
    "node_modules/@hotwired/stimulus": {
      "version": "3.2.2",
      "resolved": "https://registry.npmjs.org/@hotwired/stimulus/-/stimulus-3.2.2.tgz",
      "integrity": "sha512-eGeIqNOQpXoPAIP7tC1+1Yc1yl1xnwYqg+3mzqxyrbE5pg5YFBZcA6YoTiByJB6DKAEsiWtl6tjTJS4IYtbB7A=="
    },
    "node_modules/@stimulus-components/dropdown": {
      "version": "3.0.0",
      "resolved": "https://registry.npmjs.org/@stimulus-components/dropdown/-/dropdown-3.0.0.tgz",
      "integrity": "sha512-GY9Ez8T5Vbcad702seF4iuKZwv4f+VACtfO527l8vrFDFbGWWFyRljyK9FFXSPEkUC3/4PilVsYfPO2CMikkEg==",
      "dependencies": {
        "stimulus-use": "^0.52.2"
      },
      "peerDependencies": {
        "@hotwired/stimulus": "^3.0.0"
      }
    },
    "node_modules/hotkeys-js": {
      "version": "3.13.7",
      "resolved": "https://registry.npmjs.org/hotkeys-js/-/hotkeys-js-3.13.7.tgz",
      "integrity": "sha512-ygFIdTqqwG4fFP7kkiYlvayZppeIQX2aPpirsngkv1xM1lP0piDY5QEh68nQnIKvz64hfocxhBaD/uK3sSK1yQ==",
      "peer": true,
      "funding": {
        "url": "https://jaywcjlove.github.io/#/sponsor"
      }
    },
    "node_modules/rails-ujs": {
      "version": "5.2.8-1",
      "resolved": "https://registry.npmjs.org/rails-ujs/-/rails-ujs-5.2.8-1.tgz",
      "integrity": "sha512-1Xfgv21r3Ira7sgepnvLD546q8hm/uIokK7Ocoi4uLsXkT0HHg8vJaxKfBqbjdb24YeOGBily+jxfcAle7dMWA=="
    },
    "node_modules/sortablejs": {
      "version": "1.15.6",
      "resolved": "https://registry.npmjs.org/sortablejs/-/sortablejs-1.15.6.tgz",
      "integrity": "sha512-aNfiuwMEpfBM/CN6LY0ibyhxPfPbyFeBTYJKCvzkJ2GkUpazIt3H+QIPAMHwqQ7tMKaHz1Qj+rJJCqljnf4p3A=="
    },
    "node_modules/stimulus-use": {
      "version": "0.52.3",
      "resolved": "https://registry.npmjs.org/stimulus-use/-/stimulus-use-0.52.3.tgz",
      "integrity": "sha512-stZ5dID6FUrGCR/ChWUa0FT5Z8iqkzT6lputOAb50eF+Ayg7RzJj4U/HoRlp2NV333QfvoRidru9HLbom4hZVw==",
      "peerDependencies": {
        "@hotwired/stimulus": ">= 3",
        "hotkeys-js": ">= 3"
      }
    }
  },
  "dependencies": {
    "@hotwired/stimulus": {
      "version": "3.2.2",
      "resolved": "https://registry.npmjs.org/@hotwired/stimulus/-/stimulus-3.2.2.tgz",
      "integrity": "sha512-eGeIqNOQpXoPAIP7tC1+1Yc1yl1xnwYqg+3mzqxyrbE5pg5YFBZcA6YoTiByJB6DKAEsiWtl6tjTJS4IYtbB7A=="
    },
    "@stimulus-components/dropdown": {
      "version": "3.0.0",
      "resolved": "https://registry.npmjs.org/@stimulus-components/dropdown/-/dropdown-3.0.0.tgz",
      "integrity": "sha512-GY9Ez8T5Vbcad702seF4iuKZwv4f+VACtfO527l8vrFDFbGWWFyRljyK9FFXSPEkUC3/4PilVsYfPO2CMikkEg==",
      "requires": {
        "stimulus-use": "^0.52.2"
      }
    },
    "hotkeys-js": {
      "version": "3.13.7",
      "resolved": "https://registry.npmjs.org/hotkeys-js/-/hotkeys-js-3.13.7.tgz",
      "integrity": "sha512-ygFIdTqqwG4fFP7kkiYlvayZppeIQX2aPpirsngkv1xM1lP0piDY5QEh68nQnIKvz64hfocxhBaD/uK3sSK1yQ==",
      "peer": true
    },
    "rails-ujs": {
      "version": "5.2.8-1",
      "resolved": "https://registry.npmjs.org/rails-ujs/-/rails-ujs-5.2.8-1.tgz",
      "integrity": "sha512-1Xfgv21r3Ira7sgepnvLD546q8hm/uIokK7Ocoi4uLsXkT0HHg8vJaxKfBqbjdb24YeOGBily+jxfcAle7dMWA=="
    },
    "sortablejs": {
      "version": "1.15.6",
      "resolved": "https://registry.npmjs.org/sortablejs/-/sortablejs-1.15.6.tgz",
      "integrity": "sha512-aNfiuwMEpfBM/CN6LY0ibyhxPfPbyFeBTYJKCvzkJ2GkUpazIt3H+QIPAMHwqQ7tMKaHz1Qj+rJJCqljnf4p3A=="
    },
    "stimulus-use": {
      "version": "0.52.3",
      "resolved": "https://registry.npmjs.org/stimulus-use/-/stimulus-use-0.52.3.tgz",
      "integrity": "sha512-stZ5dID6FUrGCR/ChWUa0FT5Z8iqkzT6lputOAb50eF+Ayg7RzJj4U/HoRlp2NV333QfvoRidru9HLbom4hZVw==",
      "requires": {}
    }
  }
}
